// !$*UTF8*$!
{
	archiveVersion = 1;
	classes = {
	};
	objectVersion = 46;
	objects = {

/* Begin PBXBuildFile section */
		4528377D1BBFB3AD00EB31BF /* AITabBar.m in Sources */ = {isa = PBXBuildFile; fileRef = 4528377C1BBFB3AD00EB31BF /* AITabBar.m */; };
		452837821BBFDB9700EB31BF /* AIComposeViewController.m in Sources */ = {isa = PBXBuildFile; fileRef = 452837811BBFDB9700EB31BF /* AIComposeViewController.m */; };
		452837891BBFE4BF00EB31BF /* AINewFeatureViewController.m in Sources */ = {isa = PBXBuildFile; fileRef = 452837881BBFE4BF00EB31BF /* AINewFeatureViewController.m */; };
		452838AF1BC5510100EB31BF /* AIOAuthViewController.m in Sources */ = {isa = PBXBuildFile; fileRef = 452838AE1BC5510100EB31BF /* AIOAuthViewController.m */; };
		45DFBEEC1BB9979D000584FD /* UIImage+Extension.m in Sources */ = {isa = PBXBuildFile; fileRef = 45DFBEEB1BB9979D000584FD /* UIImage+Extension.m */; };
		45DFBEEF1BB998CD000584FD /* AISearchBar.m in Sources */ = {isa = PBXBuildFile; fileRef = 45DFBEEE1BB998CD000584FD /* AISearchBar.m */; };
		45DFBEF51BB9A624000584FD /* NSString+Extension.m in Sources */ = {isa = PBXBuildFile; fileRef = 45DFBEF41BB9A624000584FD /* NSString+Extension.m */; };
		45F42FCC1BB8071A003179D0 /* AIBaseNavController.m in Sources */ = {isa = PBXBuildFile; fileRef = 45F42FCB1BB8071A003179D0 /* AIBaseNavController.m */; };
		45F42FD11BB84E6C003179D0 /* AITemp1ViewController.m in Sources */ = {isa = PBXBuildFile; fileRef = 45F42FCF1BB84E6C003179D0 /* AITemp1ViewController.m */; };
		45F42FD21BB84E6C003179D0 /* AITemp1ViewController.xib in Resources */ = {isa = PBXBuildFile; fileRef = 45F42FD01BB84E6C003179D0 /* AITemp1ViewController.xib */; };
		45F42FD61BB84EB1003179D0 /* AITemp2ViewController.m in Sources */ = {isa = PBXBuildFile; fileRef = 45F42FD41BB84EB1003179D0 /* AITemp2ViewController.m */; };
		45F42FD71BB84EB1003179D0 /* AITemp2ViewController.xib in Resources */ = {isa = PBXBuildFile; fileRef = 45F42FD51BB84EB1003179D0 /* AITemp2ViewController.xib */; };
		45F42FDE1BB84FEF003179D0 /* AITemp3ViewController.m in Sources */ = {isa = PBXBuildFile; fileRef = 45F42FDC1BB84FEF003179D0 /* AITemp3ViewController.m */; };
		45F42FDF1BB84FEF003179D0 /* AITemp3ViewController.xib in Resources */ = {isa = PBXBuildFile; fileRef = 45F42FDD1BB84FEF003179D0 /* AITemp3ViewController.xib */; };
		45F42FE31BB8B85E003179D0 /* UIBarButtonItem+Extension.m in Sources */ = {isa = PBXBuildFile; fileRef = 45F42FE21BB8B85E003179D0 /* UIBarButtonItem+Extension.m */; };
		BC01DB121BC5F9B5008F6438 /* Images.xcassets in Resources */ = {isa = PBXBuildFile; fileRef = BC01DB111BC5F9B5008F6438 /* Images.xcassets */; };
		BC01DB3B1BC600D3008F6438 /* AFHTTPRequestOperation.m in Sources */ = {isa = PBXBuildFile; fileRef = BC01DB171BC600D3008F6438 /* AFHTTPRequestOperation.m */; };
		BC01DB3C1BC600D3008F6438 /* AFHTTPRequestOperationManager.m in Sources */ = {isa = PBXBuildFile; fileRef = BC01DB191BC600D3008F6438 /* AFHTTPRequestOperationManager.m */; };
		BC01DB3D1BC600D3008F6438 /* AFHTTPSessionManager.m in Sources */ = {isa = PBXBuildFile; fileRef = BC01DB1B1BC600D3008F6438 /* AFHTTPSessionManager.m */; };
		BC01DB3E1BC600D3008F6438 /* AFNetworkReachabilityManager.m in Sources */ = {isa = PBXBuildFile; fileRef = BC01DB1E1BC600D3008F6438 /* AFNetworkReachabilityManager.m */; };
		BC01DB3F1BC600D3008F6438 /* AFSecurityPolicy.m in Sources */ = {isa = PBXBuildFile; fileRef = BC01DB201BC600D3008F6438 /* AFSecurityPolicy.m */; };
		BC01DB401BC600D3008F6438 /* AFURLConnectionOperation.m in Sources */ = {isa = PBXBuildFile; fileRef = BC01DB221BC600D3008F6438 /* AFURLConnectionOperation.m */; };
		BC01DB411BC600D3008F6438 /* AFURLRequestSerialization.m in Sources */ = {isa = PBXBuildFile; fileRef = BC01DB241BC600D3008F6438 /* AFURLRequestSerialization.m */; };
		BC01DB421BC600D3008F6438 /* AFURLResponseSerialization.m in Sources */ = {isa = PBXBuildFile; fileRef = BC01DB261BC600D3008F6438 /* AFURLResponseSerialization.m */; };
		BC01DB431BC600D3008F6438 /* AFURLSessionManager.m in Sources */ = {isa = PBXBuildFile; fileRef = BC01DB281BC600D3008F6438 /* AFURLSessionManager.m */; };
		BC01DB441BC600D3008F6438 /* AFNetworkActivityIndicatorManager.m in Sources */ = {isa = PBXBuildFile; fileRef = BC01DB2B1BC600D3008F6438 /* AFNetworkActivityIndicatorManager.m */; };
		BC01DB451BC600D3008F6438 /* UIActivityIndicatorView+AFNetworking.m in Sources */ = {isa = PBXBuildFile; fileRef = BC01DB2D1BC600D3008F6438 /* UIActivityIndicatorView+AFNetworking.m */; };
		BC01DB461BC600D3008F6438 /* UIAlertView+AFNetworking.m in Sources */ = {isa = PBXBuildFile; fileRef = BC01DB2F1BC600D3008F6438 /* UIAlertView+AFNetworking.m */; };
		BC01DB471BC600D3008F6438 /* UIButton+AFNetworking.m in Sources */ = {isa = PBXBuildFile; fileRef = BC01DB311BC600D3008F6438 /* UIButton+AFNetworking.m */; };
		BC01DB481BC600D3008F6438 /* UIImageView+AFNetworking.m in Sources */ = {isa = PBXBuildFile; fileRef = BC01DB331BC600D3008F6438 /* UIImageView+AFNetworking.m */; };
		BC01DB491BC600D3008F6438 /* UIProgressView+AFNetworking.m in Sources */ = {isa = PBXBuildFile; fileRef = BC01DB361BC600D3008F6438 /* UIProgressView+AFNetworking.m */; };
		BC01DB4A1BC600D3008F6438 /* UIRefreshControl+AFNetworking.m in Sources */ = {isa = PBXBuildFile; fileRef = BC01DB381BC600D3008F6438 /* UIRefreshControl+AFNetworking.m */; };
		BC01DB4B1BC600D3008F6438 /* UIWebView+AFNetworking.m in Sources */ = {isa = PBXBuildFile; fileRef = BC01DB3A1BC600D3008F6438 /* UIWebView+AFNetworking.m */; };
		BC01DB771BC60121008F6438 /* MBProgressHUD+NJ.m in Sources */ = {isa = PBXBuildFile; fileRef = BC01DB731BC60121008F6438 /* MBProgressHUD+NJ.m */; };
		BC01DB781BC60121008F6438 /* MBProgressHUD.bundle in Resources */ = {isa = PBXBuildFile; fileRef = BC01DB741BC60121008F6438 /* MBProgressHUD.bundle */; };
		BC01DB791BC60121008F6438 /* MBProgressHUD.m in Sources */ = {isa = PBXBuildFile; fileRef = BC01DB761BC60121008F6438 /* MBProgressHUD.m */; };
		BC01DB7D1BC62AD7008F6438 /* AIControllerTool.m in Sources */ = {isa = PBXBuildFile; fileRef = BC01DB7C1BC62AD7008F6438 /* AIControllerTool.m */; };
		BC01DB801BC63305008F6438 /* AIAccountTool.m in Sources */ = {isa = PBXBuildFile; fileRef = BC01DB7F1BC63305008F6438 /* AIAccountTool.m */; };
		BC01DB841BC63425008F6438 /* AIAccountModel.m in Sources */ = {isa = PBXBuildFile; fileRef = BC01DB831BC63425008F6438 /* AIAccountModel.m */; };
		BC01DB861BC649D3008F6438 /* Foundation+Log.m in Sources */ = {isa = PBXBuildFile; fileRef = BC01DB851BC649D3008F6438 /* Foundation+Log.m */; };
		BC01DBFB1BC65B08008F6438 /* MJDictionaryCache.m in Sources */ = {isa = PBXBuildFile; fileRef = BC01DBE51BC65B08008F6438 /* MJDictionaryCache.m */; };
		BC01DBFC1BC65B08008F6438 /* MJExtensionConst.m in Sources */ = {isa = PBXBuildFile; fileRef = BC01DBE81BC65B08008F6438 /* MJExtensionConst.m */; };
		BC01DBFD1BC65B08008F6438 /* MJFoundation.m in Sources */ = {isa = PBXBuildFile; fileRef = BC01DBEA1BC65B08008F6438 /* MJFoundation.m */; };
		BC01DBFE1BC65B08008F6438 /* MJProperty.m in Sources */ = {isa = PBXBuildFile; fileRef = BC01DBEC1BC65B08008F6438 /* MJProperty.m */; };
		BC01DBFF1BC65B08008F6438 /* MJPropertyKey.m in Sources */ = {isa = PBXBuildFile; fileRef = BC01DBEE1BC65B08008F6438 /* MJPropertyKey.m */; };
		BC01DC001BC65B08008F6438 /* MJPropertyType.m in Sources */ = {isa = PBXBuildFile; fileRef = BC01DBF01BC65B08008F6438 /* MJPropertyType.m */; };
		BC01DC011BC65B08008F6438 /* NSObject+MJClass.m in Sources */ = {isa = PBXBuildFile; fileRef = BC01DBF21BC65B08008F6438 /* NSObject+MJClass.m */; };
		BC01DC021BC65B08008F6438 /* NSObject+MJCoding.m in Sources */ = {isa = PBXBuildFile; fileRef = BC01DBF41BC65B08008F6438 /* NSObject+MJCoding.m */; };
		BC01DC031BC65B08008F6438 /* NSObject+MJKeyValue.m in Sources */ = {isa = PBXBuildFile; fileRef = BC01DBF61BC65B08008F6438 /* NSObject+MJKeyValue.m */; };
		BC01DC041BC65B08008F6438 /* NSObject+MJProperty.m in Sources */ = {isa = PBXBuildFile; fileRef = BC01DBF81BC65B08008F6438 /* NSObject+MJProperty.m */; };
		BC01DC051BC65B08008F6438 /* NSString+MJExtension.m in Sources */ = {isa = PBXBuildFile; fileRef = BC01DBFA1BC65B08008F6438 /* NSString+MJExtension.m */; };
		BC94811D1BB90A93004CA8DA /* UIView+Extension.m in Sources */ = {isa = PBXBuildFile; fileRef = BC94811C1BB90A93004CA8DA /* UIView+Extension.m */; };
		BC9985031BBA949200CA858C /* AIHomeTitleButton.m in Sources */ = {isa = PBXBuildFile; fileRef = BC9985021BBA949200CA858C /* AIHomeTitleButton.m */; };
		BC9985061BBA94BD00CA858C /* AIPopMenu.m in Sources */ = {isa = PBXBuildFile; fileRef = BC9985051BBA94BD00CA858C /* AIPopMenu.m */; };
		BCD502FD1BB63DD100A9E7BB /* main.m in Sources */ = {isa = PBXBuildFile; fileRef = BCD502FC1BB63DD100A9E7BB /* main.m */; };
		BCD503001BB63DD100A9E7BB /* AppDelegate.m in Sources */ = {isa = PBXBuildFile; fileRef = BCD502FF1BB63DD100A9E7BB /* AppDelegate.m */; };
		BCD503061BB63DD100A9E7BB /* Main.storyboard in Resources */ = {isa = PBXBuildFile; fileRef = BCD503041BB63DD100A9E7BB /* Main.storyboard */; };
		BCD5030B1BB63DD100A9E7BB /* LaunchScreen.xib in Resources */ = {isa = PBXBuildFile; fileRef = BCD503091BB63DD100A9E7BB /* LaunchScreen.xib */; };
		BCD503171BB63DD100A9E7BB /* AISianTests.m in Sources */ = {isa = PBXBuildFile; fileRef = BCD503161BB63DD100A9E7BB /* AISianTests.m */; };
		BCD505051BB65AFB00A9E7BB /* AITabBarViewController.m in Sources */ = {isa = PBXBuildFile; fileRef = BCD505041BB65AFB00A9E7BB /* AITabBarViewController.m */; };
		BCD505081BB65C4700A9E7BB /* AIDiscoverViewController.m in Sources */ = {isa = PBXBuildFile; fileRef = BCD505071BB65C4700A9E7BB /* AIDiscoverViewController.m */; };
		BCD5050B1BB65CA400A9E7BB /* AIMessageViewController.m in Sources */ = {isa = PBXBuildFile; fileRef = BCD5050A1BB65CA400A9E7BB /* AIMessageViewController.m */; };
		BCD5050E1BB65CB900A9E7BB /* AIProfileViewController.m in Sources */ = {isa = PBXBuildFile; fileRef = BCD5050D1BB65CB900A9E7BB /* AIProfileViewController.m */; };
		BCD505111BB65D1500A9E7BB /* AiHomeViewController.m in Sources */ = {isa = PBXBuildFile; fileRef = BCD505101BB65D1500A9E7BB /* AiHomeViewController.m */; };
/* End PBXBuildFile section */

/* Begin PBXContainerItemProxy section */
		BCD503111BB63DD100A9E7BB /* PBXContainerItemProxy */ = {
			isa = PBXContainerItemProxy;
			containerPortal = BCD502EF1BB63DD100A9E7BB /* Project object */;
			proxyType = 1;
			remoteGlobalIDString = BCD502F61BB63DD100A9E7BB;
			remoteInfo = AISian;
		};
/* End PBXContainerItemProxy section */

/* Begin PBXFileReference section */
		4528377B1BBFB3AD00EB31BF /* AITabBar.h */ = {isa = PBXFileReference; fileEncoding = 4; lastKnownFileType = sourcecode.c.h; path = AITabBar.h; sourceTree = "<group>"; };
		4528377C1BBFB3AD00EB31BF /* AITabBar.m */ = {isa = PBXFileReference; fileEncoding = 4; lastKnownFileType = sourcecode.c.objc; path = AITabBar.m; sourceTree = "<group>"; };
		452837801BBFDB9700EB31BF /* AIComposeViewController.h */ = {isa = PBXFileReference; fileEncoding = 4; lastKnownFileType = sourcecode.c.h; path = AIComposeViewController.h; sourceTree = "<group>"; };
		452837811BBFDB9700EB31BF /* AIComposeViewController.m */ = {isa = PBXFileReference; fileEncoding = 4; lastKnownFileType = sourcecode.c.objc; path = AIComposeViewController.m; sourceTree = "<group>"; };
		452837871BBFE4BF00EB31BF /* AINewFeatureViewController.h */ = {isa = PBXFileReference; fileEncoding = 4; lastKnownFileType = sourcecode.c.h; path = AINewFeatureViewController.h; sourceTree = "<group>"; };
		452837881BBFE4BF00EB31BF /* AINewFeatureViewController.m */ = {isa = PBXFileReference; fileEncoding = 4; lastKnownFileType = sourcecode.c.objc; path = AINewFeatureViewController.m; sourceTree = "<group>"; };
		452838AD1BC5510100EB31BF /* AIOAuthViewController.h */ = {isa = PBXFileReference; fileEncoding = 4; lastKnownFileType = sourcecode.c.h; path = AIOAuthViewController.h; sourceTree = "<group>"; };
		452838AE1BC5510100EB31BF /* AIOAuthViewController.m */ = {isa = PBXFileReference; fileEncoding = 4; lastKnownFileType = sourcecode.c.objc; path = AIOAuthViewController.m; sourceTree = "<group>"; };
		45DFBEEA1BB9979D000584FD /* UIImage+Extension.h */ = {isa = PBXFileReference; fileEncoding = 4; lastKnownFileType = sourcecode.c.h; path = "UIImage+Extension.h"; sourceTree = "<group>"; };
		45DFBEEB1BB9979D000584FD /* UIImage+Extension.m */ = {isa = PBXFileReference; fileEncoding = 4; lastKnownFileType = sourcecode.c.objc; path = "UIImage+Extension.m"; sourceTree = "<group>"; };
		45DFBEED1BB998CD000584FD /* AISearchBar.h */ = {isa = PBXFileReference; fileEncoding = 4; lastKnownFileType = sourcecode.c.h; path = AISearchBar.h; sourceTree = "<group>"; };
		45DFBEEE1BB998CD000584FD /* AISearchBar.m */ = {isa = PBXFileReference; fileEncoding = 4; lastKnownFileType = sourcecode.c.objc; path = AISearchBar.m; sourceTree = "<group>"; };
		45DFBEF31BB9A624000584FD /* NSString+Extension.h */ = {isa = PBXFileReference; fileEncoding = 4; lastKnownFileType = sourcecode.c.h; path = "NSString+Extension.h"; sourceTree = "<group>"; };
		45DFBEF41BB9A624000584FD /* NSString+Extension.m */ = {isa = PBXFileReference; fileEncoding = 4; lastKnownFileType = sourcecode.c.objc; path = "NSString+Extension.m"; sourceTree = "<group>"; };
		45F42FCA1BB8071A003179D0 /* AIBaseNavController.h */ = {isa = PBXFileReference; fileEncoding = 4; lastKnownFileType = sourcecode.c.h; path = AIBaseNavController.h; sourceTree = "<group>"; };
		45F42FCB1BB8071A003179D0 /* AIBaseNavController.m */ = {isa = PBXFileReference; fileEncoding = 4; lastKnownFileType = sourcecode.c.objc; path = AIBaseNavController.m; sourceTree = "<group>"; };
		45F42FCE1BB84E6C003179D0 /* AITemp1ViewController.h */ = {isa = PBXFileReference; fileEncoding = 4; lastKnownFileType = sourcecode.c.h; path = AITemp1ViewController.h; sourceTree = "<group>"; };
		45F42FCF1BB84E6C003179D0 /* AITemp1ViewController.m */ = {isa = PBXFileReference; fileEncoding = 4; lastKnownFileType = sourcecode.c.objc; path = AITemp1ViewController.m; sourceTree = "<group>"; };
		45F42FD01BB84E6C003179D0 /* AITemp1ViewController.xib */ = {isa = PBXFileReference; fileEncoding = 4; lastKnownFileType = file.xib; path = AITemp1ViewController.xib; sourceTree = "<group>"; };
		45F42FD31BB84EB1003179D0 /* AITemp2ViewController.h */ = {isa = PBXFileReference; fileEncoding = 4; lastKnownFileType = sourcecode.c.h; path = AITemp2ViewController.h; sourceTree = "<group>"; };
		45F42FD41BB84EB1003179D0 /* AITemp2ViewController.m */ = {isa = PBXFileReference; fileEncoding = 4; lastKnownFileType = sourcecode.c.objc; path = AITemp2ViewController.m; sourceTree = "<group>"; };
		45F42FD51BB84EB1003179D0 /* AITemp2ViewController.xib */ = {isa = PBXFileReference; fileEncoding = 4; lastKnownFileType = file.xib; path = AITemp2ViewController.xib; sourceTree = "<group>"; };
		45F42FDB1BB84FEF003179D0 /* AITemp3ViewController.h */ = {isa = PBXFileReference; fileEncoding = 4; lastKnownFileType = sourcecode.c.h; path = AITemp3ViewController.h; sourceTree = "<group>"; };
		45F42FDC1BB84FEF003179D0 /* AITemp3ViewController.m */ = {isa = PBXFileReference; fileEncoding = 4; lastKnownFileType = sourcecode.c.objc; path = AITemp3ViewController.m; sourceTree = "<group>"; };
		45F42FDD1BB84FEF003179D0 /* AITemp3ViewController.xib */ = {isa = PBXFileReference; fileEncoding = 4; lastKnownFileType = file.xib; path = AITemp3ViewController.xib; sourceTree = "<group>"; };
		45F42FE11BB8B85E003179D0 /* UIBarButtonItem+Extension.h */ = {isa = PBXFileReference; fileEncoding = 4; lastKnownFileType = sourcecode.c.h; path = "UIBarButtonItem+Extension.h"; sourceTree = "<group>"; };
		45F42FE21BB8B85E003179D0 /* UIBarButtonItem+Extension.m */ = {isa = PBXFileReference; fileEncoding = 4; lastKnownFileType = sourcecode.c.objc; path = "UIBarButtonItem+Extension.m"; sourceTree = "<group>"; };
		BC01DB111BC5F9B5008F6438 /* Images.xcassets */ = {isa = PBXFileReference; lastKnownFileType = folder.assetcatalog; path = Images.xcassets; sourceTree = "<group>"; };
		BC01DB161BC600D3008F6438 /* AFHTTPRequestOperation.h */ = {isa = PBXFileReference; fileEncoding = 4; lastKnownFileType = sourcecode.c.h; path = AFHTTPRequestOperation.h; sourceTree = "<group>"; };
		BC01DB171BC600D3008F6438 /* AFHTTPRequestOperation.m */ = {isa = PBXFileReference; fileEncoding = 4; lastKnownFileType = sourcecode.c.objc; path = AFHTTPRequestOperation.m; sourceTree = "<group>"; };
		BC01DB181BC600D3008F6438 /* AFHTTPRequestOperationManager.h */ = {isa = PBXFileReference; fileEncoding = 4; lastKnownFileType = sourcecode.c.h; path = AFHTTPRequestOperationManager.h; sourceTree = "<group>"; };
		BC01DB191BC600D3008F6438 /* AFHTTPRequestOperationManager.m */ = {isa = PBXFileReference; fileEncoding = 4; lastKnownFileType = sourcecode.c.objc; path = AFHTTPRequestOperationManager.m; sourceTree = "<group>"; };
		BC01DB1A1BC600D3008F6438 /* AFHTTPSessionManager.h */ = {isa = PBXFileReference; fileEncoding = 4; lastKnownFileType = sourcecode.c.h; path = AFHTTPSessionManager.h; sourceTree = "<group>"; };
		BC01DB1B1BC600D3008F6438 /* AFHTTPSessionManager.m */ = {isa = PBXFileReference; fileEncoding = 4; lastKnownFileType = sourcecode.c.objc; path = AFHTTPSessionManager.m; sourceTree = "<group>"; };
		BC01DB1C1BC600D3008F6438 /* AFNetworking.h */ = {isa = PBXFileReference; fileEncoding = 4; lastKnownFileType = sourcecode.c.h; path = AFNetworking.h; sourceTree = "<group>"; };
		BC01DB1D1BC600D3008F6438 /* AFNetworkReachabilityManager.h */ = {isa = PBXFileReference; fileEncoding = 4; lastKnownFileType = sourcecode.c.h; path = AFNetworkReachabilityManager.h; sourceTree = "<group>"; };
		BC01DB1E1BC600D3008F6438 /* AFNetworkReachabilityManager.m */ = {isa = PBXFileReference; fileEncoding = 4; lastKnownFileType = sourcecode.c.objc; path = AFNetworkReachabilityManager.m; sourceTree = "<group>"; };
		BC01DB1F1BC600D3008F6438 /* AFSecurityPolicy.h */ = {isa = PBXFileReference; fileEncoding = 4; lastKnownFileType = sourcecode.c.h; path = AFSecurityPolicy.h; sourceTree = "<group>"; };
		BC01DB201BC600D3008F6438 /* AFSecurityPolicy.m */ = {isa = PBXFileReference; fileEncoding = 4; lastKnownFileType = sourcecode.c.objc; path = AFSecurityPolicy.m; sourceTree = "<group>"; };
		BC01DB211BC600D3008F6438 /* AFURLConnectionOperation.h */ = {isa = PBXFileReference; fileEncoding = 4; lastKnownFileType = sourcecode.c.h; path = AFURLConnectionOperation.h; sourceTree = "<group>"; };
		BC01DB221BC600D3008F6438 /* AFURLConnectionOperation.m */ = {isa = PBXFileReference; fileEncoding = 4; lastKnownFileType = sourcecode.c.objc; path = AFURLConnectionOperation.m; sourceTree = "<group>"; };
		BC01DB231BC600D3008F6438 /* AFURLRequestSerialization.h */ = {isa = PBXFileReference; fileEncoding = 4; lastKnownFileType = sourcecode.c.h; path = AFURLRequestSerialization.h; sourceTree = "<group>"; };
		BC01DB241BC600D3008F6438 /* AFURLRequestSerialization.m */ = {isa = PBXFileReference; fileEncoding = 4; lastKnownFileType = sourcecode.c.objc; path = AFURLRequestSerialization.m; sourceTree = "<group>"; };
		BC01DB251BC600D3008F6438 /* AFURLResponseSerialization.h */ = {isa = PBXFileReference; fileEncoding = 4; lastKnownFileType = sourcecode.c.h; path = AFURLResponseSerialization.h; sourceTree = "<group>"; };
		BC01DB261BC600D3008F6438 /* AFURLResponseSerialization.m */ = {isa = PBXFileReference; fileEncoding = 4; lastKnownFileType = sourcecode.c.objc; path = AFURLResponseSerialization.m; sourceTree = "<group>"; };
		BC01DB271BC600D3008F6438 /* AFURLSessionManager.h */ = {isa = PBXFileReference; fileEncoding = 4; lastKnownFileType = sourcecode.c.h; path = AFURLSessionManager.h; sourceTree = "<group>"; };
		BC01DB281BC600D3008F6438 /* AFURLSessionManager.m */ = {isa = PBXFileReference; fileEncoding = 4; lastKnownFileType = sourcecode.c.objc; path = AFURLSessionManager.m; sourceTree = "<group>"; };
		BC01DB2A1BC600D3008F6438 /* AFNetworkActivityIndicatorManager.h */ = {isa = PBXFileReference; fileEncoding = 4; lastKnownFileType = sourcecode.c.h; path = AFNetworkActivityIndicatorManager.h; sourceTree = "<group>"; };
		BC01DB2B1BC600D3008F6438 /* AFNetworkActivityIndicatorManager.m */ = {isa = PBXFileReference; fileEncoding = 4; lastKnownFileType = sourcecode.c.objc; path = AFNetworkActivityIndicatorManager.m; sourceTree = "<group>"; };
		BC01DB2C1BC600D3008F6438 /* UIActivityIndicatorView+AFNetworking.h */ = {isa = PBXFileReference; fileEncoding = 4; lastKnownFileType = sourcecode.c.h; path = "UIActivityIndicatorView+AFNetworking.h"; sourceTree = "<group>"; };
		BC01DB2D1BC600D3008F6438 /* UIActivityIndicatorView+AFNetworking.m */ = {isa = PBXFileReference; fileEncoding = 4; lastKnownFileType = sourcecode.c.objc; path = "UIActivityIndicatorView+AFNetworking.m"; sourceTree = "<group>"; };
		BC01DB2E1BC600D3008F6438 /* UIAlertView+AFNetworking.h */ = {isa = PBXFileReference; fileEncoding = 4; lastKnownFileType = sourcecode.c.h; path = "UIAlertView+AFNetworking.h"; sourceTree = "<group>"; };
		BC01DB2F1BC600D3008F6438 /* UIAlertView+AFNetworking.m */ = {isa = PBXFileReference; fileEncoding = 4; lastKnownFileType = sourcecode.c.objc; path = "UIAlertView+AFNetworking.m"; sourceTree = "<group>"; };
		BC01DB301BC600D3008F6438 /* UIButton+AFNetworking.h */ = {isa = PBXFileReference; fileEncoding = 4; lastKnownFileType = sourcecode.c.h; path = "UIButton+AFNetworking.h"; sourceTree = "<group>"; };
		BC01DB311BC600D3008F6438 /* UIButton+AFNetworking.m */ = {isa = PBXFileReference; fileEncoding = 4; lastKnownFileType = sourcecode.c.objc; path = "UIButton+AFNetworking.m"; sourceTree = "<group>"; };
		BC01DB321BC600D3008F6438 /* UIImageView+AFNetworking.h */ = {isa = PBXFileReference; fileEncoding = 4; lastKnownFileType = sourcecode.c.h; path = "UIImageView+AFNetworking.h"; sourceTree = "<group>"; };
		BC01DB331BC600D3008F6438 /* UIImageView+AFNetworking.m */ = {isa = PBXFileReference; fileEncoding = 4; lastKnownFileType = sourcecode.c.objc; path = "UIImageView+AFNetworking.m"; sourceTree = "<group>"; };
		BC01DB341BC600D3008F6438 /* UIKit+AFNetworking.h */ = {isa = PBXFileReference; fileEncoding = 4; lastKnownFileType = sourcecode.c.h; path = "UIKit+AFNetworking.h"; sourceTree = "<group>"; };
		BC01DB351BC600D3008F6438 /* UIProgressView+AFNetworking.h */ = {isa = PBXFileReference; fileEncoding = 4; lastKnownFileType = sourcecode.c.h; path = "UIProgressView+AFNetworking.h"; sourceTree = "<group>"; };
		BC01DB361BC600D3008F6438 /* UIProgressView+AFNetworking.m */ = {isa = PBXFileReference; fileEncoding = 4; lastKnownFileType = sourcecode.c.objc; path = "UIProgressView+AFNetworking.m"; sourceTree = "<group>"; };
		BC01DB371BC600D3008F6438 /* UIRefreshControl+AFNetworking.h */ = {isa = PBXFileReference; fileEncoding = 4; lastKnownFileType = sourcecode.c.h; path = "UIRefreshControl+AFNetworking.h"; sourceTree = "<group>"; };
		BC01DB381BC600D3008F6438 /* UIRefreshControl+AFNetworking.m */ = {isa = PBXFileReference; fileEncoding = 4; lastKnownFileType = sourcecode.c.objc; path = "UIRefreshControl+AFNetworking.m"; sourceTree = "<group>"; };
		BC01DB391BC600D3008F6438 /* UIWebView+AFNetworking.h */ = {isa = PBXFileReference; fileEncoding = 4; lastKnownFileType = sourcecode.c.h; path = "UIWebView+AFNetworking.h"; sourceTree = "<group>"; };
		BC01DB3A1BC600D3008F6438 /* UIWebView+AFNetworking.m */ = {isa = PBXFileReference; fileEncoding = 4; lastKnownFileType = sourcecode.c.objc; path = "UIWebView+AFNetworking.m"; sourceTree = "<group>"; };
		BC01DB721BC60121008F6438 /* MBProgressHUD+NJ.h */ = {isa = PBXFileReference; fileEncoding = 4; lastKnownFileType = sourcecode.c.h; path = "MBProgressHUD+NJ.h"; sourceTree = "<group>"; };
		BC01DB731BC60121008F6438 /* MBProgressHUD+NJ.m */ = {isa = PBXFileReference; fileEncoding = 4; lastKnownFileType = sourcecode.c.objc; path = "MBProgressHUD+NJ.m"; sourceTree = "<group>"; };
		BC01DB741BC60121008F6438 /* MBProgressHUD.bundle */ = {isa = PBXFileReference; lastKnownFileType = "wrapper.plug-in"; path = MBProgressHUD.bundle; sourceTree = "<group>"; };
		BC01DB751BC60121008F6438 /* MBProgressHUD.h */ = {isa = PBXFileReference; fileEncoding = 4; lastKnownFileType = sourcecode.c.h; path = MBProgressHUD.h; sourceTree = "<group>"; };
		BC01DB761BC60121008F6438 /* MBProgressHUD.m */ = {isa = PBXFileReference; fileEncoding = 4; lastKnownFileType = sourcecode.c.objc; path = MBProgressHUD.m; sourceTree = "<group>"; };
		BC01DB7B1BC62AD7008F6438 /* AIControllerTool.h */ = {isa = PBXFileReference; fileEncoding = 4; lastKnownFileType = sourcecode.c.h; path = AIControllerTool.h; sourceTree = "<group>"; };
		BC01DB7C1BC62AD7008F6438 /* AIControllerTool.m */ = {isa = PBXFileReference; fileEncoding = 4; lastKnownFileType = sourcecode.c.objc; path = AIControllerTool.m; sourceTree = "<group>"; };
		BC01DB7E1BC63305008F6438 /* AIAccountTool.h */ = {isa = PBXFileReference; fileEncoding = 4; lastKnownFileType = sourcecode.c.h; path = AIAccountTool.h; sourceTree = "<group>"; };
		BC01DB7F1BC63305008F6438 /* AIAccountTool.m */ = {isa = PBXFileReference; fileEncoding = 4; lastKnownFileType = sourcecode.c.objc; path = AIAccountTool.m; sourceTree = "<group>"; };
		BC01DB821BC63425008F6438 /* AIAccountModel.h */ = {isa = PBXFileReference; fileEncoding = 4; lastKnownFileType = sourcecode.c.h; path = AIAccountModel.h; sourceTree = "<group>"; };
		BC01DB831BC63425008F6438 /* AIAccountModel.m */ = {isa = PBXFileReference; fileEncoding = 4; lastKnownFileType = sourcecode.c.objc; path = AIAccountModel.m; sourceTree = "<group>"; };
		BC01DB851BC649D3008F6438 /* Foundation+Log.m */ = {isa = PBXFileReference; fileEncoding = 4; lastKnownFileType = sourcecode.c.objc; path = "Foundation+Log.m"; sourceTree = "<group>"; };
		BC01DBE41BC65B08008F6438 /* MJDictionaryCache.h */ = {isa = PBXFileReference; fileEncoding = 4; lastKnownFileType = sourcecode.c.h; path = MJDictionaryCache.h; sourceTree = "<group>"; };
		BC01DBE51BC65B08008F6438 /* MJDictionaryCache.m */ = {isa = PBXFileReference; fileEncoding = 4; lastKnownFileType = sourcecode.c.objc; path = MJDictionaryCache.m; sourceTree = "<group>"; };
		BC01DBE61BC65B08008F6438 /* MJExtension.h */ = {isa = PBXFileReference; fileEncoding = 4; lastKnownFileType = sourcecode.c.h; path = MJExtension.h; sourceTree = "<group>"; };
		BC01DBE71BC65B08008F6438 /* MJExtensionConst.h */ = {isa = PBXFileReference; fileEncoding = 4; lastKnownFileType = sourcecode.c.h; path = MJExtensionConst.h; sourceTree = "<group>"; };
		BC01DBE81BC65B08008F6438 /* MJExtensionConst.m */ = {isa = PBXFileReference; fileEncoding = 4; lastKnownFileType = sourcecode.c.objc; path = MJExtensionConst.m; sourceTree = "<group>"; };
		BC01DBE91BC65B08008F6438 /* MJFoundation.h */ = {isa = PBXFileReference; fileEncoding = 4; lastKnownFileType = sourcecode.c.h; path = MJFoundation.h; sourceTree = "<group>"; };
		BC01DBEA1BC65B08008F6438 /* MJFoundation.m */ = {isa = PBXFileReference; fileEncoding = 4; lastKnownFileType = sourcecode.c.objc; path = MJFoundation.m; sourceTree = "<group>"; };
		BC01DBEB1BC65B08008F6438 /* MJProperty.h */ = {isa = PBXFileReference; fileEncoding = 4; lastKnownFileType = sourcecode.c.h; path = MJProperty.h; sourceTree = "<group>"; };
		BC01DBEC1BC65B08008F6438 /* MJProperty.m */ = {isa = PBXFileReference; fileEncoding = 4; lastKnownFileType = sourcecode.c.objc; path = MJProperty.m; sourceTree = "<group>"; };
		BC01DBED1BC65B08008F6438 /* MJPropertyKey.h */ = {isa = PBXFileReference; fileEncoding = 4; lastKnownFileType = sourcecode.c.h; path = MJPropertyKey.h; sourceTree = "<group>"; };
		BC01DBEE1BC65B08008F6438 /* MJPropertyKey.m */ = {isa = PBXFileReference; fileEncoding = 4; lastKnownFileType = sourcecode.c.objc; path = MJPropertyKey.m; sourceTree = "<group>"; };
		BC01DBEF1BC65B08008F6438 /* MJPropertyType.h */ = {isa = PBXFileReference; fileEncoding = 4; lastKnownFileType = sourcecode.c.h; path = MJPropertyType.h; sourceTree = "<group>"; };
		BC01DBF01BC65B08008F6438 /* MJPropertyType.m */ = {isa = PBXFileReference; fileEncoding = 4; lastKnownFileType = sourcecode.c.objc; path = MJPropertyType.m; sourceTree = "<group>"; };
		BC01DBF11BC65B08008F6438 /* NSObject+MJClass.h */ = {isa = PBXFileReference; fileEncoding = 4; lastKnownFileType = sourcecode.c.h; path = "NSObject+MJClass.h"; sourceTree = "<group>"; };
		BC01DBF21BC65B08008F6438 /* NSObject+MJClass.m */ = {isa = PBXFileReference; fileEncoding = 4; lastKnownFileType = sourcecode.c.objc; path = "NSObject+MJClass.m"; sourceTree = "<group>"; };
		BC01DBF31BC65B08008F6438 /* NSObject+MJCoding.h */ = {isa = PBXFileReference; fileEncoding = 4; lastKnownFileType = sourcecode.c.h; path = "NSObject+MJCoding.h"; sourceTree = "<group>"; };
		BC01DBF41BC65B08008F6438 /* NSObject+MJCoding.m */ = {isa = PBXFileReference; fileEncoding = 4; lastKnownFileType = sourcecode.c.objc; path = "NSObject+MJCoding.m"; sourceTree = "<group>"; };
		BC01DBF51BC65B08008F6438 /* NSObject+MJKeyValue.h */ = {isa = PBXFileReference; fileEncoding = 4; lastKnownFileType = sourcecode.c.h; path = "NSObject+MJKeyValue.h"; sourceTree = "<group>"; };
		BC01DBF61BC65B08008F6438 /* NSObject+MJKeyValue.m */ = {isa = PBXFileReference; fileEncoding = 4; lastKnownFileType = sourcecode.c.objc; path = "NSObject+MJKeyValue.m"; sourceTree = "<group>"; };
		BC01DBF71BC65B08008F6438 /* NSObject+MJProperty.h */ = {isa = PBXFileReference; fileEncoding = 4; lastKnownFileType = sourcecode.c.h; path = "NSObject+MJProperty.h"; sourceTree = "<group>"; };
		BC01DBF81BC65B08008F6438 /* NSObject+MJProperty.m */ = {isa = PBXFileReference; fileEncoding = 4; lastKnownFileType = sourcecode.c.objc; path = "NSObject+MJProperty.m"; sourceTree = "<group>"; };
		BC01DBF91BC65B08008F6438 /* NSString+MJExtension.h */ = {isa = PBXFileReference; fileEncoding = 4; lastKnownFileType = sourcecode.c.h; path = "NSString+MJExtension.h"; sourceTree = "<group>"; };
		BC01DBFA1BC65B08008F6438 /* NSString+MJExtension.m */ = {isa = PBXFileReference; fileEncoding = 4; lastKnownFileType = sourcecode.c.objc; path = "NSString+MJExtension.m"; sourceTree = "<group>"; };
		BC94811B1BB90A93004CA8DA /* UIView+Extension.h */ = {isa = PBXFileReference; fileEncoding = 4; lastKnownFileType = sourcecode.c.h; path = "UIView+Extension.h"; sourceTree = "<group>"; };
		BC94811C1BB90A93004CA8DA /* UIView+Extension.m */ = {isa = PBXFileReference; fileEncoding = 4; lastKnownFileType = sourcecode.c.objc; path = "UIView+Extension.m"; sourceTree = "<group>"; };
		BC9985011BBA949200CA858C /* AIHomeTitleButton.h */ = {isa = PBXFileReference; fileEncoding = 4; lastKnownFileType = sourcecode.c.h; path = AIHomeTitleButton.h; sourceTree = "<group>"; };
		BC9985021BBA949200CA858C /* AIHomeTitleButton.m */ = {isa = PBXFileReference; fileEncoding = 4; lastKnownFileType = sourcecode.c.objc; path = AIHomeTitleButton.m; sourceTree = "<group>"; };
		BC9985041BBA94BD00CA858C /* AIPopMenu.h */ = {isa = PBXFileReference; fileEncoding = 4; lastKnownFileType = sourcecode.c.h; path = AIPopMenu.h; sourceTree = "<group>"; };
		BC9985051BBA94BD00CA858C /* AIPopMenu.m */ = {isa = PBXFileReference; fileEncoding = 4; lastKnownFileType = sourcecode.c.objc; path = AIPopMenu.m; sourceTree = "<group>"; };
		BCD502F71BB63DD100A9E7BB /* AISian.app */ = {isa = PBXFileReference; explicitFileType = wrapper.application; includeInIndex = 0; path = AISian.app; sourceTree = BUILT_PRODUCTS_DIR; };
		BCD502FB1BB63DD100A9E7BB /* Info.plist */ = {isa = PBXFileReference; lastKnownFileType = text.plist.xml; path = Info.plist; sourceTree = "<group>"; };
		BCD502FC1BB63DD100A9E7BB /* main.m */ = {isa = PBXFileReference; lastKnownFileType = sourcecode.c.objc; path = main.m; sourceTree = "<group>"; };
		BCD502FE1BB63DD100A9E7BB /* AppDelegate.h */ = {isa = PBXFileReference; lastKnownFileType = sourcecode.c.h; name = AppDelegate.h; path = ../../../AppDelegate.h; sourceTree = "<group>"; };
		BCD502FF1BB63DD100A9E7BB /* AppDelegate.m */ = {isa = PBXFileReference; lastKnownFileType = sourcecode.c.objc; name = AppDelegate.m; path = ../../../AppDelegate.m; sourceTree = "<group>"; };
		BCD503051BB63DD100A9E7BB /* Base */ = {isa = PBXFileReference; lastKnownFileType = file.storyboard; name = Base; path = Base.lproj/Main.storyboard; sourceTree = "<group>"; };
		BCD5030A1BB63DD100A9E7BB /* Base */ = {isa = PBXFileReference; lastKnownFileType = file.xib; name = Base; path = Base.lproj/LaunchScreen.xib; sourceTree = "<group>"; };
		BCD503101BB63DD100A9E7BB /* AISianTests.xctest */ = {isa = PBXFileReference; explicitFileType = wrapper.cfbundle; includeInIndex = 0; path = AISianTests.xctest; sourceTree = BUILT_PRODUCTS_DIR; };
		BCD503151BB63DD100A9E7BB /* Info.plist */ = {isa = PBXFileReference; lastKnownFileType = text.plist.xml; path = Info.plist; sourceTree = "<group>"; };
		BCD503161BB63DD100A9E7BB /* AISianTests.m */ = {isa = PBXFileReference; lastKnownFileType = sourcecode.c.objc; path = AISianTests.m; sourceTree = "<group>"; };
		BCD505031BB65AFB00A9E7BB /* AITabBarViewController.h */ = {isa = PBXFileReference; fileEncoding = 4; lastKnownFileType = sourcecode.c.h; path = AITabBarViewController.h; sourceTree = "<group>"; };
		BCD505041BB65AFB00A9E7BB /* AITabBarViewController.m */ = {isa = PBXFileReference; fileEncoding = 4; lastKnownFileType = sourcecode.c.objc; path = AITabBarViewController.m; sourceTree = "<group>"; };
		BCD505061BB65C4700A9E7BB /* AIDiscoverViewController.h */ = {isa = PBXFileReference; fileEncoding = 4; lastKnownFileType = sourcecode.c.h; path = AIDiscoverViewController.h; sourceTree = "<group>"; };
		BCD505071BB65C4700A9E7BB /* AIDiscoverViewController.m */ = {isa = PBXFileReference; fileEncoding = 4; lastKnownFileType = sourcecode.c.objc; path = AIDiscoverViewController.m; sourceTree = "<group>"; };
		BCD505091BB65CA400A9E7BB /* AIMessageViewController.h */ = {isa = PBXFileReference; fileEncoding = 4; lastKnownFileType = sourcecode.c.h; path = AIMessageViewController.h; sourceTree = "<group>"; };
		BCD5050A1BB65CA400A9E7BB /* AIMessageViewController.m */ = {isa = PBXFileReference; fileEncoding = 4; lastKnownFileType = sourcecode.c.objc; path = AIMessageViewController.m; sourceTree = "<group>"; };
		BCD5050C1BB65CB900A9E7BB /* AIProfileViewController.h */ = {isa = PBXFileReference; fileEncoding = 4; lastKnownFileType = sourcecode.c.h; path = AIProfileViewController.h; sourceTree = "<group>"; };
		BCD5050D1BB65CB900A9E7BB /* AIProfileViewController.m */ = {isa = PBXFileReference; fileEncoding = 4; lastKnownFileType = sourcecode.c.objc; path = AIProfileViewController.m; sourceTree = "<group>"; };
		BCD5050F1BB65D1500A9E7BB /* AiHomeViewController.h */ = {isa = PBXFileReference; fileEncoding = 4; lastKnownFileType = sourcecode.c.h; path = AiHomeViewController.h; sourceTree = "<group>"; };
		BCD505101BB65D1500A9E7BB /* AiHomeViewController.m */ = {isa = PBXFileReference; fileEncoding = 4; lastKnownFileType = sourcecode.c.objc; path = AiHomeViewController.m; sourceTree = "<group>"; };
		BCD505121BB65E4400A9E7BB /* AIDefine.h */ = {isa = PBXFileReference; fileEncoding = 4; lastKnownFileType = sourcecode.c.h; path = AIDefine.h; sourceTree = "<group>"; };
/* End PBXFileReference section */

/* Begin PBXFrameworksBuildPhase section */
		BCD502F41BB63DD100A9E7BB /* Frameworks */ = {
			isa = PBXFrameworksBuildPhase;
			buildActionMask = 2147483647;
			files = (
			);
			runOnlyForDeploymentPostprocessing = 0;
		};
		BCD5030D1BB63DD100A9E7BB /* Frameworks */ = {
			isa = PBXFrameworksBuildPhase;
			buildActionMask = 2147483647;
			files = (
			);
			runOnlyForDeploymentPostprocessing = 0;
		};
/* End PBXFrameworksBuildPhase section */

/* Begin PBXGroup section */
		4528377E1BBFDB5E00EB31BF /* Compose(发微博) */ = {
			isa = PBXGroup;
			children = (
				4528377F1BBFDB7600EB31BF /* Controller */,
			);
			path = "Compose(发微博)";
			sourceTree = "<group>";
		};
		4528377F1BBFDB7600EB31BF /* Controller */ = {
			isa = PBXGroup;
			children = (
				452837801BBFDB9700EB31BF /* AIComposeViewController.h */,
				452837811BBFDB9700EB31BF /* AIComposeViewController.m */,
			);
			path = Controller;
			sourceTree = "<group>";
		};
		452837851BBFDF0500EB31BF /* NewFeature(新特性) */ = {
			isa = PBXGroup;
			children = (
				452837861BBFDF0500EB31BF /* Controller */,
			);
			path = "NewFeature(新特性)";
			sourceTree = "<group>";
		};
		452837861BBFDF0500EB31BF /* Controller */ = {
			isa = PBXGroup;
			children = (
				452837871BBFE4BF00EB31BF /* AINewFeatureViewController.h */,
				452837881BBFE4BF00EB31BF /* AINewFeatureViewController.m */,
			);
			path = Controller;
			sourceTree = "<group>";
		};
		452838AB1BC550DB00EB31BF /* OAuth(授权) */ = {
			isa = PBXGroup;
			children = (
				452838AC1BC550DB00EB31BF /* controller */,
			);
			path = "OAuth(授权)";
			sourceTree = "<group>";
		};
		452838AC1BC550DB00EB31BF /* controller */ = {
			isa = PBXGroup;
			children = (
				452838AD1BC5510100EB31BF /* AIOAuthViewController.h */,
				452838AE1BC5510100EB31BF /* AIOAuthViewController.m */,
			);
			path = controller;
			sourceTree = "<group>";
		};
		45F42FBF1BB7FE87003179D0 /* View */ = {
			isa = PBXGroup;
			children = (
				45DFBEED1BB998CD000584FD /* AISearchBar.h */,
				45DFBEEE1BB998CD000584FD /* AISearchBar.m */,
				4528377B1BBFB3AD00EB31BF /* AITabBar.h */,
				4528377C1BBFB3AD00EB31BF /* AITabBar.m */,
			);
			path = View;
			sourceTree = "<group>";
		};
		45F42FCD1BB84E3C003179D0 /* temp */ = {
			isa = PBXGroup;
			children = (
				45F42FCE1BB84E6C003179D0 /* AITemp1ViewController.h */,
				45F42FCF1BB84E6C003179D0 /* AITemp1ViewController.m */,
				45F42FD01BB84E6C003179D0 /* AITemp1ViewController.xib */,
				45F42FD31BB84EB1003179D0 /* AITemp2ViewController.h */,
				45F42FD41BB84EB1003179D0 /* AITemp2ViewController.m */,
				45F42FD51BB84EB1003179D0 /* AITemp2ViewController.xib */,
				45F42FDB1BB84FEF003179D0 /* AITemp3ViewController.h */,
				45F42FDC1BB84FEF003179D0 /* AITemp3ViewController.m */,
				45F42FDD1BB84FEF003179D0 /* AITemp3ViewController.xib */,
			);
			name = temp;
			sourceTree = "<group>";
		};
		45F42FE01BB8B838003179D0 /* Category */ = {
			isa = PBXGroup;
			children = (
				BC01DB851BC649D3008F6438 /* Foundation+Log.m */,
				BC94811B1BB90A93004CA8DA /* UIView+Extension.h */,
				BC94811C1BB90A93004CA8DA /* UIView+Extension.m */,
				45F42FE11BB8B85E003179D0 /* UIBarButtonItem+Extension.h */,
				45F42FE21BB8B85E003179D0 /* UIBarButtonItem+Extension.m */,
				45DFBEEA1BB9979D000584FD /* UIImage+Extension.h */,
				45DFBEEB1BB9979D000584FD /* UIImage+Extension.m */,
				45DFBEF31BB9A624000584FD /* NSString+Extension.h */,
				45DFBEF41BB9A624000584FD /* NSString+Extension.m */,
			);
			path = Category;
			sourceTree = "<group>";
		};
		BC01DB131BC600C7008F6438 /* Libs */ = {
			isa = PBXGroup;
			children = (
				BC01DBE31BC65B08008F6438 /* MJExtension */,
				BC01DB711BC60121008F6438 /* MBProgressHUD登录蒙版 */,
				BC01DB141BC600D3008F6438 /* AFNetworking */,
			);
			path = Libs;
			sourceTree = "<group>";
		};
		BC01DB141BC600D3008F6438 /* AFNetworking */ = {
			isa = PBXGroup;
			children = (
				BC01DB151BC600D3008F6438 /* AFNetworking */,
				BC01DB291BC600D3008F6438 /* UIKit+AFNetworking */,
			);
			path = AFNetworking;
			sourceTree = "<group>";
		};
		BC01DB151BC600D3008F6438 /* AFNetworking */ = {
			isa = PBXGroup;
			children = (
				BC01DB161BC600D3008F6438 /* AFHTTPRequestOperation.h */,
				BC01DB171BC600D3008F6438 /* AFHTTPRequestOperation.m */,
				BC01DB181BC600D3008F6438 /* AFHTTPRequestOperationManager.h */,
				BC01DB191BC600D3008F6438 /* AFHTTPRequestOperationManager.m */,
				BC01DB1A1BC600D3008F6438 /* AFHTTPSessionManager.h */,
				BC01DB1B1BC600D3008F6438 /* AFHTTPSessionManager.m */,
				BC01DB1C1BC600D3008F6438 /* AFNetworking.h */,
				BC01DB1D1BC600D3008F6438 /* AFNetworkReachabilityManager.h */,
				BC01DB1E1BC600D3008F6438 /* AFNetworkReachabilityManager.m */,
				BC01DB1F1BC600D3008F6438 /* AFSecurityPolicy.h */,
				BC01DB201BC600D3008F6438 /* AFSecurityPolicy.m */,
				BC01DB211BC600D3008F6438 /* AFURLConnectionOperation.h */,
				BC01DB221BC600D3008F6438 /* AFURLConnectionOperation.m */,
				BC01DB231BC600D3008F6438 /* AFURLRequestSerialization.h */,
				BC01DB241BC600D3008F6438 /* AFURLRequestSerialization.m */,
				BC01DB251BC600D3008F6438 /* AFURLResponseSerialization.h */,
				BC01DB261BC600D3008F6438 /* AFURLResponseSerialization.m */,
				BC01DB271BC600D3008F6438 /* AFURLSessionManager.h */,
				BC01DB281BC600D3008F6438 /* AFURLSessionManager.m */,
			);
			path = AFNetworking;
			sourceTree = "<group>";
		};
		BC01DB291BC600D3008F6438 /* UIKit+AFNetworking */ = {
			isa = PBXGroup;
			children = (
				BC01DB2A1BC600D3008F6438 /* AFNetworkActivityIndicatorManager.h */,
				BC01DB2B1BC600D3008F6438 /* AFNetworkActivityIndicatorManager.m */,
				BC01DB2C1BC600D3008F6438 /* UIActivityIndicatorView+AFNetworking.h */,
				BC01DB2D1BC600D3008F6438 /* UIActivityIndicatorView+AFNetworking.m */,
				BC01DB2E1BC600D3008F6438 /* UIAlertView+AFNetworking.h */,
				BC01DB2F1BC600D3008F6438 /* UIAlertView+AFNetworking.m */,
				BC01DB301BC600D3008F6438 /* UIButton+AFNetworking.h */,
				BC01DB311BC600D3008F6438 /* UIButton+AFNetworking.m */,
				BC01DB321BC600D3008F6438 /* UIImageView+AFNetworking.h */,
				BC01DB331BC600D3008F6438 /* UIImageView+AFNetworking.m */,
				BC01DB341BC600D3008F6438 /* UIKit+AFNetworking.h */,
				BC01DB351BC600D3008F6438 /* UIProgressView+AFNetworking.h */,
				BC01DB361BC600D3008F6438 /* UIProgressView+AFNetworking.m */,
				BC01DB371BC600D3008F6438 /* UIRefreshControl+AFNetworking.h */,
				BC01DB381BC600D3008F6438 /* UIRefreshControl+AFNetworking.m */,
				BC01DB391BC600D3008F6438 /* UIWebView+AFNetworking.h */,
				BC01DB3A1BC600D3008F6438 /* UIWebView+AFNetworking.m */,
			);
			path = "UIKit+AFNetworking";
			sourceTree = "<group>";
		};
		BC01DB711BC60121008F6438 /* MBProgressHUD登录蒙版 */ = {
			isa = PBXGroup;
			children = (
				BC01DB721BC60121008F6438 /* MBProgressHUD+NJ.h */,
				BC01DB731BC60121008F6438 /* MBProgressHUD+NJ.m */,
				BC01DB741BC60121008F6438 /* MBProgressHUD.bundle */,
				BC01DB751BC60121008F6438 /* MBProgressHUD.h */,
				BC01DB761BC60121008F6438 /* MBProgressHUD.m */,
			);
			path = "MBProgressHUD登录蒙版";
			sourceTree = "<group>";
		};
		BC01DB7A1BC62A9F008F6438 /* Tools */ = {
			isa = PBXGroup;
			children = (
				BC01DB7B1BC62AD7008F6438 /* AIControllerTool.h */,
				BC01DB7C1BC62AD7008F6438 /* AIControllerTool.m */,
				BC01DB7E1BC63305008F6438 /* AIAccountTool.h */,
				BC01DB7F1BC63305008F6438 /* AIAccountTool.m */,
			);
			path = Tools;
			sourceTree = "<group>";
		};
		BC01DB811BC63417008F6438 /* Model */ = {
			isa = PBXGroup;
			children = (
				BC01DB821BC63425008F6438 /* AIAccountModel.h */,
				BC01DB831BC63425008F6438 /* AIAccountModel.m */,
			);
			path = Model;
			sourceTree = "<group>";
		};
		BC01DBE31BC65B08008F6438 /* MJExtension */ = {
			isa = PBXGroup;
			children = (
				BC01DBE41BC65B08008F6438 /* MJDictionaryCache.h */,
				BC01DBE51BC65B08008F6438 /* MJDictionaryCache.m */,
				BC01DBE61BC65B08008F6438 /* MJExtension.h */,
				BC01DBE71BC65B08008F6438 /* MJExtensionConst.h */,
				BC01DBE81BC65B08008F6438 /* MJExtensionConst.m */,
				BC01DBE91BC65B08008F6438 /* MJFoundation.h */,
				BC01DBEA1BC65B08008F6438 /* MJFoundation.m */,
				BC01DBEB1BC65B08008F6438 /* MJProperty.h */,
				BC01DBEC1BC65B08008F6438 /* MJProperty.m */,
				BC01DBED1BC65B08008F6438 /* MJPropertyKey.h */,
				BC01DBEE1BC65B08008F6438 /* MJPropertyKey.m */,
				BC01DBEF1BC65B08008F6438 /* MJPropertyType.h */,
				BC01DBF01BC65B08008F6438 /* MJPropertyType.m */,
				BC01DBF11BC65B08008F6438 /* NSObject+MJClass.h */,
				BC01DBF21BC65B08008F6438 /* NSObject+MJClass.m */,
				BC01DBF31BC65B08008F6438 /* NSObject+MJCoding.h */,
				BC01DBF41BC65B08008F6438 /* NSObject+MJCoding.m */,
				BC01DBF51BC65B08008F6438 /* NSObject+MJKeyValue.h */,
				BC01DBF61BC65B08008F6438 /* NSObject+MJKeyValue.m */,
				BC01DBF71BC65B08008F6438 /* NSObject+MJProperty.h */,
				BC01DBF81BC65B08008F6438 /* NSObject+MJProperty.m */,
				BC01DBF91BC65B08008F6438 /* NSString+MJExtension.h */,
				BC01DBFA1BC65B08008F6438 /* NSString+MJExtension.m */,
			);
			path = MJExtension;
			sourceTree = "<group>";
		};
		BC9984FE1BBA946200CA858C /* Model */ = {
			isa = PBXGroup;
			children = (
			);
			path = Model;
			sourceTree = "<group>";
		};
		BC9984FF1BBA946200CA858C /* Other */ = {
			isa = PBXGroup;
			children = (
			);
			path = Other;
			sourceTree = "<group>";
		};
		BC9985001BBA946200CA858C /* View */ = {
			isa = PBXGroup;
			children = (
				BC9985011BBA949200CA858C /* AIHomeTitleButton.h */,
				BC9985021BBA949200CA858C /* AIHomeTitleButton.m */,
				BC9985041BBA94BD00CA858C /* AIPopMenu.h */,
				BC9985051BBA94BD00CA858C /* AIPopMenu.m */,
			);
			path = View;
			sourceTree = "<group>";
		};
		BCD502EE1BB63DD100A9E7BB = {
			isa = PBXGroup;
			children = (
				BCD502F91BB63DD100A9E7BB /* AISian */,
				BCD503131BB63DD100A9E7BB /* AISianTests */,
				BCD502F81BB63DD100A9E7BB /* Products */,
			);
			sourceTree = "<group>";
		};
		BCD502F81BB63DD100A9E7BB /* Products */ = {
			isa = PBXGroup;
			children = (
				BCD502F71BB63DD100A9E7BB /* AISian.app */,
				BCD503101BB63DD100A9E7BB /* AISianTests.xctest */,
			);
			name = Products;
			sourceTree = "<group>";
		};
		BCD502F91BB63DD100A9E7BB /* AISian */ = {
			isa = PBXGroup;
			children = (
				BCD504E91BB6592B00A9E7BB /* Class */,
				BCD503041BB63DD100A9E7BB /* Main.storyboard */,
				BCD502FA1BB63DD100A9E7BB /* Supporting Files */,
			);
			path = AISian;
			sourceTree = "<group>";
		};
		BCD502FA1BB63DD100A9E7BB /* Supporting Files */ = {
			isa = PBXGroup;
			children = (
				BCD503091BB63DD100A9E7BB /* LaunchScreen.xib */,
				BC01DB111BC5F9B5008F6438 /* Images.xcassets */,
				BCD502FB1BB63DD100A9E7BB /* Info.plist */,
				BCD502FC1BB63DD100A9E7BB /* main.m */,
			);
			name = "Supporting Files";
			sourceTree = "<group>";
		};
		BCD503131BB63DD100A9E7BB /* AISianTests */ = {
			isa = PBXGroup;
			children = (
				BCD503161BB63DD100A9E7BB /* AISianTests.m */,
				BCD503141BB63DD100A9E7BB /* Supporting Files */,
			);
			path = AISianTests;
			sourceTree = "<group>";
		};
		BCD503141BB63DD100A9E7BB /* Supporting Files */ = {
			isa = PBXGroup;
			children = (
				BCD503151BB63DD100A9E7BB /* Info.plist */,
			);
			name = "Supporting Files";
			sourceTree = "<group>";
		};
		BCD504E91BB6592B00A9E7BB /* Class */ = {
			isa = PBXGroup;
			children = (
				BC01DB131BC600C7008F6438 /* Libs */,
				452838AB1BC550DB00EB31BF /* OAuth(授权) */,
				452837851BBFDF0500EB31BF /* NewFeature(新特性) */,
				4528377E1BBFDB5E00EB31BF /* Compose(发微博) */,
				45F42FCD1BB84E3C003179D0 /* temp */,
				BCD504EF1BB659A800A9E7BB /* Discover(发现) */,
				BCD504F41BB659A800A9E7BB /* Home(首页) */,
				BCD504F91BB659A800A9E7BB /* Message(消息) */,
				BCD504FE1BB659A800A9E7BB /* Profile(我) */,
				BCD504EA1BB6593900A9E7BB /* Main(主要) */,
			);
			path = Class;
			sourceTree = "<group>";
		};
		BCD504EA1BB6593900A9E7BB /* Main(主要) */ = {
			isa = PBXGroup;
			children = (
				BC01DB811BC63417008F6438 /* Model */,
				BC01DB7A1BC62A9F008F6438 /* Tools */,
				45F42FE01BB8B838003179D0 /* Category */,
				45F42FBF1BB7FE87003179D0 /* View */,
				BCD504EB1BB6593900A9E7BB /* Controller */,
				BCD504ED1BB6593900A9E7BB /* Other */,
			);
			path = "Main(主要)";
			sourceTree = "<group>";
		};
		BCD504EB1BB6593900A9E7BB /* Controller */ = {
			isa = PBXGroup;
			children = (
				BCD505031BB65AFB00A9E7BB /* AITabBarViewController.h */,
				BCD505041BB65AFB00A9E7BB /* AITabBarViewController.m */,
				45F42FCA1BB8071A003179D0 /* AIBaseNavController.h */,
				45F42FCB1BB8071A003179D0 /* AIBaseNavController.m */,
			);
			path = Controller;
			sourceTree = "<group>";
		};
		BCD504ED1BB6593900A9E7BB /* Other */ = {
			isa = PBXGroup;
			children = (
				BCD505121BB65E4400A9E7BB /* AIDefine.h */,
				BCD502FE1BB63DD100A9E7BB /* AppDelegate.h */,
				BCD502FF1BB63DD100A9E7BB /* AppDelegate.m */,
			);
			path = Other;
			sourceTree = "<group>";
		};
		BCD504EF1BB659A800A9E7BB /* Discover(发现) */ = {
			isa = PBXGroup;
			children = (
				BCD504F01BB659A800A9E7BB /* Controller */,
				BCD504F11BB659A800A9E7BB /* Model */,
				BCD504F21BB659A800A9E7BB /* Other */,
				BCD504F31BB659A800A9E7BB /* VIew */,
			);
			path = "Discover(发现)";
			sourceTree = "<group>";
		};
		BCD504F01BB659A800A9E7BB /* Controller */ = {
			isa = PBXGroup;
			children = (
				BCD505061BB65C4700A9E7BB /* AIDiscoverViewController.h */,
				BCD505071BB65C4700A9E7BB /* AIDiscoverViewController.m */,
			);
			path = Controller;
			sourceTree = "<group>";
		};
		BCD504F11BB659A800A9E7BB /* Model */ = {
			isa = PBXGroup;
			children = (
			);
			path = Model;
			sourceTree = "<group>";
		};
		BCD504F21BB659A800A9E7BB /* Other */ = {
			isa = PBXGroup;
			children = (
			);
			path = Other;
			sourceTree = "<group>";
		};
		BCD504F31BB659A800A9E7BB /* VIew */ = {
			isa = PBXGroup;
			children = (
			);
			path = VIew;
			sourceTree = "<group>";
		};
		BCD504F41BB659A800A9E7BB /* Home(首页) */ = {
			isa = PBXGroup;
			children = (
				BC9984FE1BBA946200CA858C /* Model */,
				BC9984FF1BBA946200CA858C /* Other */,
				BC9985001BBA946200CA858C /* View */,
				BCD504F51BB659A800A9E7BB /* Controller */,
			);
			path = "Home(首页)";
			sourceTree = "<group>";
		};
		BCD504F51BB659A800A9E7BB /* Controller */ = {
			isa = PBXGroup;
			children = (
				BCD5050F1BB65D1500A9E7BB /* AiHomeViewController.h */,
				BCD505101BB65D1500A9E7BB /* AiHomeViewController.m */,
			);
			path = Controller;
			sourceTree = "<group>";
		};
		BCD504F91BB659A800A9E7BB /* Message(消息) */ = {
			isa = PBXGroup;
			children = (
				BCD504FA1BB659A800A9E7BB /* Controller */,
				BCD504FB1BB659A800A9E7BB /* Model */,
				BCD504FC1BB659A800A9E7BB /* Other */,
				BCD504FD1BB659A800A9E7BB /* VIew */,
			);
			path = "Message(消息)";
			sourceTree = "<group>";
		};
		BCD504FA1BB659A800A9E7BB /* Controller */ = {
			isa = PBXGroup;
			children = (
				BCD505091BB65CA400A9E7BB /* AIMessageViewController.h */,
				BCD5050A1BB65CA400A9E7BB /* AIMessageViewController.m */,
			);
			path = Controller;
			sourceTree = "<group>";
		};
		BCD504FB1BB659A800A9E7BB /* Model */ = {
			isa = PBXGroup;
			children = (
			);
			path = Model;
			sourceTree = "<group>";
		};
		BCD504FC1BB659A800A9E7BB /* Other */ = {
			isa = PBXGroup;
			children = (
			);
			path = Other;
			sourceTree = "<group>";
		};
		BCD504FD1BB659A800A9E7BB /* VIew */ = {
			isa = PBXGroup;
			children = (
			);
			path = VIew;
			sourceTree = "<group>";
		};
		BCD504FE1BB659A800A9E7BB /* Profile(我) */ = {
			isa = PBXGroup;
			children = (
				BCD504FF1BB659A800A9E7BB /* Controller */,
				BCD505001BB659A800A9E7BB /* Model */,
				BCD505011BB659A800A9E7BB /* Other */,
				BCD505021BB659A800A9E7BB /* VIew */,
			);
			path = "Profile(我)";
			sourceTree = "<group>";
		};
		BCD504FF1BB659A800A9E7BB /* Controller */ = {
			isa = PBXGroup;
			children = (
				BCD5050C1BB65CB900A9E7BB /* AIProfileViewController.h */,
				BCD5050D1BB65CB900A9E7BB /* AIProfileViewController.m */,
			);
			path = Controller;
			sourceTree = "<group>";
		};
		BCD505001BB659A800A9E7BB /* Model */ = {
			isa = PBXGroup;
			children = (
			);
			path = Model;
			sourceTree = "<group>";
		};
		BCD505011BB659A800A9E7BB /* Other */ = {
			isa = PBXGroup;
			children = (
			);
			path = Other;
			sourceTree = "<group>";
		};
		BCD505021BB659A800A9E7BB /* VIew */ = {
			isa = PBXGroup;
			children = (
			);
			path = VIew;
			sourceTree = "<group>";
		};
/* End PBXGroup section */

/* Begin PBXNativeTarget section */
		BCD502F61BB63DD100A9E7BB /* AISian */ = {
			isa = PBXNativeTarget;
			buildConfigurationList = BCD5031A1BB63DD100A9E7BB /* Build configuration list for PBXNativeTarget "AISian" */;
			buildPhases = (
				BCD502F31BB63DD100A9E7BB /* Sources */,
				BCD502F41BB63DD100A9E7BB /* Frameworks */,
				BCD502F51BB63DD100A9E7BB /* Resources */,
			);
			buildRules = (
			);
			dependencies = (
			);
			name = AISian;
			productName = AISian;
			productReference = BCD502F71BB63DD100A9E7BB /* AISian.app */;
			productType = "com.apple.product-type.application";
		};
		BCD5030F1BB63DD100A9E7BB /* AISianTests */ = {
			isa = PBXNativeTarget;
			buildConfigurationList = BCD5031D1BB63DD100A9E7BB /* Build configuration list for PBXNativeTarget "AISianTests" */;
			buildPhases = (
				BCD5030C1BB63DD100A9E7BB /* Sources */,
				BCD5030D1BB63DD100A9E7BB /* Frameworks */,
				BCD5030E1BB63DD100A9E7BB /* Resources */,
			);
			buildRules = (
			);
			dependencies = (
				BCD503121BB63DD100A9E7BB /* PBXTargetDependency */,
			);
			name = AISianTests;
			productName = AISianTests;
			productReference = BCD503101BB63DD100A9E7BB /* AISianTests.xctest */;
			productType = "com.apple.product-type.bundle.unit-test";
		};
/* End PBXNativeTarget section */

/* Begin PBXProject section */
		BCD502EF1BB63DD100A9E7BB /* Project object */ = {
			isa = PBXProject;
			attributes = {
				LastUpgradeCheck = 0700;
				ORGANIZATIONNAME = aizexin;
				TargetAttributes = {
					BCD502F61BB63DD100A9E7BB = {
						CreatedOnToolsVersion = 6.3;
						DevelopmentTeam = Y56852HD87;
					};
					BCD5030F1BB63DD100A9E7BB = {
						CreatedOnToolsVersion = 6.3;
						TestTargetID = BCD502F61BB63DD100A9E7BB;
					};
				};
			};
			buildConfigurationList = BCD502F21BB63DD100A9E7BB /* Build configuration list for PBXProject "AISian" */;
			compatibilityVersion = "Xcode 3.2";
			developmentRegion = English;
			hasScannedForEncodings = 0;
			knownRegions = (
				en,
				Base,
			);
			mainGroup = BCD502EE1BB63DD100A9E7BB;
			productRefGroup = BCD502F81BB63DD100A9E7BB /* Products */;
			projectDirPath = "";
			projectRoot = "";
			targets = (
				BCD502F61BB63DD100A9E7BB /* AISian */,
				BCD5030F1BB63DD100A9E7BB /* AISianTests */,
			);
		};
/* End PBXProject section */

/* Begin PBXResourcesBuildPhase section */
		BCD502F51BB63DD100A9E7BB /* Resources */ = {
			isa = PBXResourcesBuildPhase;
			buildActionMask = 2147483647;
			files = (
				BC01DB781BC60121008F6438 /* MBProgressHUD.bundle in Resources */,
				45F42FDF1BB84FEF003179D0 /* AITemp3ViewController.xib in Resources */,
				BCD503061BB63DD100A9E7BB /* Main.storyboard in Resources */,
				BCD5030B1BB63DD100A9E7BB /* LaunchScreen.xib in Resources */,
				BC01DB121BC5F9B5008F6438 /* Images.xcassets in Resources */,
				45F42FD21BB84E6C003179D0 /* AITemp1ViewController.xib in Resources */,
				45F42FD71BB84EB1003179D0 /* AITemp2ViewController.xib in Resources */,
			);
			runOnlyForDeploymentPostprocessing = 0;
		};
		BCD5030E1BB63DD100A9E7BB /* Resources */ = {
			isa = PBXResourcesBuildPhase;
			buildActionMask = 2147483647;
			files = (
			);
			runOnlyForDeploymentPostprocessing = 0;
		};
/* End PBXResourcesBuildPhase section */

/* Begin PBXSourcesBuildPhase section */
		BCD502F31BB63DD100A9E7BB /* Sources */ = {
			isa = PBXSourcesBuildPhase;
			buildActionMask = 2147483647;
			files = (
				BC01DB401BC600D3008F6438 /* AFURLConnectionOperation.m in Sources */,
				BC01DC011BC65B08008F6438 /* NSObject+MJClass.m in Sources */,
				BC01DC041BC65B08008F6438 /* NSObject+MJProperty.m in Sources */,
				BC01DB7D1BC62AD7008F6438 /* AIControllerTool.m in Sources */,
				452838AF1BC5510100EB31BF /* AIOAuthViewController.m in Sources */,
				45F42FE31BB8B85E003179D0 /* UIBarButtonItem+Extension.m in Sources */,
				BC01DB451BC600D3008F6438 /* UIActivityIndicatorView+AFNetworking.m in Sources */,
				BC01DB3B1BC600D3008F6438 /* AFHTTPRequestOperation.m in Sources */,
				BC01DB421BC600D3008F6438 /* AFURLResponseSerialization.m in Sources */,
				45DFBEEC1BB9979D000584FD /* UIImage+Extension.m in Sources */,
				BC01DB481BC600D3008F6438 /* UIImageView+AFNetworking.m in Sources */,
				BC01DB4B1BC600D3008F6438 /* UIWebView+AFNetworking.m in Sources */,
				BCD505051BB65AFB00A9E7BB /* AITabBarViewController.m in Sources */,
				BC01DB841BC63425008F6438 /* AIAccountModel.m in Sources */,
				452837821BBFDB9700EB31BF /* AIComposeViewController.m in Sources */,
				BC94811D1BB90A93004CA8DA /* UIView+Extension.m in Sources */,
				45F42FD61BB84EB1003179D0 /* AITemp2ViewController.m in Sources */,
				BCD5050B1BB65CA400A9E7BB /* AIMessageViewController.m in Sources */,
				BC01DB801BC63305008F6438 /* AIAccountTool.m in Sources */,
				BCD503001BB63DD100A9E7BB /* AppDelegate.m in Sources */,
				BC01DC021BC65B08008F6438 /* NSObject+MJCoding.m in Sources */,
				BC01DB3F1BC600D3008F6438 /* AFSecurityPolicy.m in Sources */,
				BC01DBFB1BC65B08008F6438 /* MJDictionaryCache.m in Sources */,
				BC01DB431BC600D3008F6438 /* AFURLSessionManager.m in Sources */,
				BC01DC051BC65B08008F6438 /* NSString+MJExtension.m in Sources */,
				BCD502FD1BB63DD100A9E7BB /* main.m in Sources */,
				BC01DB471BC600D3008F6438 /* UIButton+AFNetworking.m in Sources */,
				45F42FD11BB84E6C003179D0 /* AITemp1ViewController.m in Sources */,
				BC01DB3D1BC600D3008F6438 /* AFHTTPSessionManager.m in Sources */,
				BC01DB771BC60121008F6438 /* MBProgressHUD+NJ.m in Sources */,
				BC9985031BBA949200CA858C /* AIHomeTitleButton.m in Sources */,
				BC01DB3E1BC600D3008F6438 /* AFNetworkReachabilityManager.m in Sources */,
				BCD505111BB65D1500A9E7BB /* AiHomeViewController.m in Sources */,
				BC01DB441BC600D3008F6438 /* AFNetworkActivityIndicatorManager.m in Sources */,
				BC01DC001BC65B08008F6438 /* MJPropertyType.m in Sources */,
				BC01DB3C1BC600D3008F6438 /* AFHTTPRequestOperationManager.m in Sources */,
				BC01DB411BC600D3008F6438 /* AFURLRequestSerialization.m in Sources */,
				BCD5050E1BB65CB900A9E7BB /* AIProfileViewController.m in Sources */,
				452837891BBFE4BF00EB31BF /* AINewFeatureViewController.m in Sources */,
				BC01DB461BC600D3008F6438 /* UIAlertView+AFNetworking.m in Sources */,
				45F42FDE1BB84FEF003179D0 /* AITemp3ViewController.m in Sources */,
				BC01DB4A1BC600D3008F6438 /* UIRefreshControl+AFNetworking.m in Sources */,
				BC01DC031BC65B08008F6438 /* NSObject+MJKeyValue.m in Sources */,
				BC01DBFE1BC65B08008F6438 /* MJProperty.m in Sources */,
				BC01DB491BC600D3008F6438 /* UIProgressView+AFNetworking.m in Sources */,
				45DFBEF51BB9A624000584FD /* NSString+Extension.m in Sources */,
				BC01DBFD1BC65B08008F6438 /* MJFoundation.m in Sources */,
				45F42FCC1BB8071A003179D0 /* AIBaseNavController.m in Sources */,
				BC01DBFC1BC65B08008F6438 /* MJExtensionConst.m in Sources */,
				BC01DB791BC60121008F6438 /* MBProgressHUD.m in Sources */,
				BCD505081BB65C4700A9E7BB /* AIDiscoverViewController.m in Sources */,
				BC01DB861BC649D3008F6438 /* Foundation+Log.m in Sources */,
				BC9985061BBA94BD00CA858C /* AIPopMenu.m in Sources */,
				BC01DBFF1BC65B08008F6438 /* MJPropertyKey.m in Sources */,
				4528377D1BBFB3AD00EB31BF /* AITabBar.m in Sources */,
				45DFBEEF1BB998CD000584FD /* AISearchBar.m in Sources */,
			);
			runOnlyForDeploymentPostprocessing = 0;
		};
		BCD5030C1BB63DD100A9E7BB /* Sources */ = {
			isa = PBXSourcesBuildPhase;
			buildActionMask = 2147483647;
			files = (
				BCD503171BB63DD100A9E7BB /* AISianTests.m in Sources */,
			);
			runOnlyForDeploymentPostprocessing = 0;
		};
/* End PBXSourcesBuildPhase section */

/* Begin PBXTargetDependency section */
		BCD503121BB63DD100A9E7BB /* PBXTargetDependency */ = {
			isa = PBXTargetDependency;
			target = BCD502F61BB63DD100A9E7BB /* AISian */;
			targetProxy = BCD503111BB63DD100A9E7BB /* PBXContainerItemProxy */;
		};
/* End PBXTargetDependency section */

/* Begin PBXVariantGroup section */
		BCD503041BB63DD100A9E7BB /* Main.storyboard */ = {
			isa = PBXVariantGroup;
			children = (
				BCD503051BB63DD100A9E7BB /* Base */,
			);
			name = Main.storyboard;
			sourceTree = "<group>";
		};
		BCD503091BB63DD100A9E7BB /* LaunchScreen.xib */ = {
			isa = PBXVariantGroup;
			children = (
				BCD5030A1BB63DD100A9E7BB /* Base */,
			);
			name = LaunchScreen.xib;
			sourceTree = "<group>";
		};
/* End PBXVariantGroup section */

/* Begin XCBuildConfiguration section */
		BCD503181BB63DD100A9E7BB /* Debug */ = {
			isa = XCBuildConfiguration;
			buildSettings = {
				ALWAYS_SEARCH_USER_PATHS = NO;
				CLANG_CXX_LANGUAGE_STANDARD = "gnu++0x";
				CLANG_CXX_LIBRARY = "libc++";
				CLANG_ENABLE_MODULES = YES;
				CLANG_ENABLE_OBJC_ARC = YES;
				CLANG_WARN_BOOL_CONVERSION = YES;
				CLANG_WARN_CONSTANT_CONVERSION = YES;
				CLANG_WARN_DIRECT_OBJC_ISA_USAGE = YES_ERROR;
				CLANG_WARN_EMPTY_BODY = YES;
				CLANG_WARN_ENUM_CONVERSION = YES;
				CLANG_WARN_INT_CONVERSION = YES;
				CLANG_WARN_OBJC_ROOT_CLASS = YES_ERROR;
				CLANG_WARN_UNREACHABLE_CODE = YES;
				CLANG_WARN__DUPLICATE_METHOD_MATCH = YES;
				"CODE_SIGN_IDENTITY[sdk=iphoneos*]" = "iPhone Developer";
				COPY_PHASE_STRIP = NO;
				DEBUG_INFORMATION_FORMAT = "dwarf-with-dsym";
				ENABLE_STRICT_OBJC_MSGSEND = YES;
				ENABLE_TESTABILITY = YES;
				GCC_C_LANGUAGE_STANDARD = gnu99;
				GCC_DYNAMIC_NO_PIC = NO;
				GCC_NO_COMMON_BLOCKS = YES;
				GCC_OPTIMIZATION_LEVEL = 0;
				GCC_PREPROCESSOR_DEFINITIONS = (
					"DEBUG=1",
					"$(inherited)",
				);
				GCC_SYMBOLS_PRIVATE_EXTERN = NO;
				GCC_WARN_64_TO_32_BIT_CONVERSION = YES;
				GCC_WARN_ABOUT_RETURN_TYPE = YES_ERROR;
				GCC_WARN_UNDECLARED_SELECTOR = YES;
				GCC_WARN_UNINITIALIZED_AUTOS = YES_AGGRESSIVE;
				GCC_WARN_UNUSED_FUNCTION = YES;
				GCC_WARN_UNUSED_VARIABLE = YES;
				IPHONEOS_DEPLOYMENT_TARGET = 7.0;
				MTL_ENABLE_DEBUG_INFO = YES;
				ONLY_ACTIVE_ARCH = YES;
				SDKROOT = iphoneos;
				TARGETED_DEVICE_FAMILY = "1,2";
			};
			name = Debug;
		};
		BCD503191BB63DD100A9E7BB /* Release */ = {
			isa = XCBuildConfiguration;
			buildSettings = {
				ALWAYS_SEARCH_USER_PATHS = NO;
				CLANG_CXX_LANGUAGE_STANDARD = "gnu++0x";
				CLANG_CXX_LIBRARY = "libc++";
				CLANG_ENABLE_MODULES = YES;
				CLANG_ENABLE_OBJC_ARC = YES;
				CLANG_WARN_BOOL_CONVERSION = YES;
				CLANG_WARN_CONSTANT_CONVERSION = YES;
				CLANG_WARN_DIRECT_OBJC_ISA_USAGE = YES_ERROR;
				CLANG_WARN_EMPTY_BODY = YES;
				CLANG_WARN_ENUM_CONVERSION = YES;
				CLANG_WARN_INT_CONVERSION = YES;
				CLANG_WARN_OBJC_ROOT_CLASS = YES_ERROR;
				CLANG_WARN_UNREACHABLE_CODE = YES;
				CLANG_WARN__DUPLICATE_METHOD_MATCH = YES;
				"CODE_SIGN_IDENTITY[sdk=iphoneos*]" = "iPhone Developer";
				COPY_PHASE_STRIP = NO;
				DEBUG_INFORMATION_FORMAT = "dwarf-with-dsym";
				ENABLE_NS_ASSERTIONS = NO;
				ENABLE_STRICT_OBJC_MSGSEND = YES;
				GCC_C_LANGUAGE_STANDARD = gnu99;
				GCC_NO_COMMON_BLOCKS = YES;
				GCC_WARN_64_TO_32_BIT_CONVERSION = YES;
				GCC_WARN_ABOUT_RETURN_TYPE = YES_ERROR;
				GCC_WARN_UNDECLARED_SELECTOR = YES;
				GCC_WARN_UNINITIALIZED_AUTOS = YES_AGGRESSIVE;
				GCC_WARN_UNUSED_FUNCTION = YES;
				GCC_WARN_UNUSED_VARIABLE = YES;
				IPHONEOS_DEPLOYMENT_TARGET = 7.0;
				MTL_ENABLE_DEBUG_INFO = NO;
				SDKROOT = iphoneos;
				TARGETED_DEVICE_FAMILY = "1,2";
				VALIDATE_PRODUCT = YES;
			};
			name = Release;
		};
		BCD5031B1BB63DD100A9E7BB /* Debug */ = {
			isa = XCBuildConfiguration;
			buildSettings = {
				ASSETCATALOG_COMPILER_APPICON_NAME = AppIcon;
				ASSETCATALOG_COMPILER_LAUNCHIMAGE_NAME = LaunchImage;
				CODE_SIGN_IDENTITY = "iPhone Developer";
				"CODE_SIGN_IDENTITY[sdk=iphoneos*]" = "iPhone Developer";
				INFOPLIST_FILE = AISian/Info.plist;
				IPHONEOS_DEPLOYMENT_TARGET = 7.0;
				LD_RUNPATH_SEARCH_PATHS = "$(inherited) @executable_path/Frameworks";
				PRODUCT_BUNDLE_IDENTIFIER = "AI.$(PRODUCT_NAME:rfc1034identifier)";
				PRODUCT_NAME = "$(TARGET_NAME)";
				PROVISIONING_PROFILE = "";
			};
			name = Debug;
		};
		BCD5031C1BB63DD100A9E7BB /* Release */ = {
			isa = XCBuildConfiguration;
			buildSettings = {
				ASSETCATALOG_COMPILER_APPICON_NAME = AppIcon;
				ASSETCATALOG_COMPILER_LAUNCHIMAGE_NAME = LaunchImage;
				CODE_SIGN_IDENTITY = "iPhone Developer";
				"CODE_SIGN_IDENTITY[sdk=iphoneos*]" = "iPhone Developer";
				INFOPLIST_FILE = AISian/Info.plist;
				IPHONEOS_DEPLOYMENT_TARGET = 7.0;
				LD_RUNPATH_SEARCH_PATHS = "$(inherited) @executable_path/Frameworks";
				PRODUCT_BUNDLE_IDENTIFIER = "AI.$(PRODUCT_NAME:rfc1034identifier)";
				PRODUCT_NAME = "$(TARGET_NAME)";
				PROVISIONING_PROFILE = "";
			};
			name = Release;
		};
		BCD5031E1BB63DD100A9E7BB /* Debug */ = {
			isa = XCBuildConfiguration;
			buildSettings = {
				BUNDLE_LOADER = "$(TEST_HOST)";
				FRAMEWORK_SEARCH_PATHS = (
					"$(SDKROOT)/Developer/Library/Frameworks",
					"$(inherited)",
				);
				GCC_PREPROCESSOR_DEFINITIONS = (
					"DEBUG=1",
					"$(inherited)",
				);
				INFOPLIST_FILE = AISianTests/Info.plist;
				LD_RUNPATH_SEARCH_PATHS = "$(inherited) @executable_path/Frameworks @loader_path/Frameworks";
				PRODUCT_BUNDLE_IDENTIFIER = "AI.$(PRODUCT_NAME:rfc1034identifier)";
				PRODUCT_NAME = "$(TARGET_NAME)";
				TEST_HOST = "$(BUILT_PRODUCTS_DIR)/AISian.app/AISian";
			};
			name = Debug;
		};
		BCD5031F1BB63DD100A9E7BB /* Release */ = {
			isa = XCBuildConfiguration;
			buildSettings = {
				BUNDLE_LOADER = "$(TEST_HOST)";
				FRAMEWORK_SEARCH_PATHS = (
					"$(SDKROOT)/Developer/Library/Frameworks",
					"$(inherited)",
				);
				INFOPLIST_FILE = AISianTests/Info.plist;
				LD_RUNPATH_SEARCH_PATHS = "$(inherited) @executable_path/Frameworks @loader_path/Frameworks";
				PRODUCT_BUNDLE_IDENTIFIER = "AI.$(PRODUCT_NAME:rfc1034identifier)";
				PRODUCT_NAME = "$(TARGET_NAME)";
				TEST_HOST = "$(BUILT_PRODUCTS_DIR)/AISian.app/AISian";
			};
			name = Release;
		};
/* End XCBuildConfiguration section */

/* Begin XCConfigurationList section */
		BCD502F21BB63DD100A9E7BB /* Build configuration list for PBXProject "AISian" */ = {
			isa = XCConfigurationList;
			buildConfigurations = (
				BCD503181BB63DD100A9E7BB /* Debug */,
				BCD503191BB63DD100A9E7BB /* Release */,
			);
			defaultConfigurationIsVisible = 0;
			defaultConfigurationName = Release;
		};
		BCD5031A1BB63DD100A9E7BB /* Build configuration list for PBXNativeTarget "AISian" */ = {
			isa = XCConfigurationList;
			buildConfigurations = (
				BCD5031B1BB63DD100A9E7BB /* Debug */,
				BCD5031C1BB63DD100A9E7BB /* Release */,
			);
			defaultConfigurationIsVisible = 0;
			defaultConfigurationName = Release;
		};
		BCD5031D1BB63DD100A9E7BB /* Build configuration list for PBXNativeTarget "AISianTests" */ = {
			isa = XCConfigurationList;
			buildConfigurations = (
				BCD5031E1BB63DD100A9E7BB /* Debug */,
				BCD5031F1BB63DD100A9E7BB /* Release */,
			);
			defaultConfigurationIsVisible = 0;
			defaultConfigurationName = Release;
		};
/* End XCConfigurationList section */
	};
	rootObject = BCD502EF1BB63DD100A9E7BB /* Project object */;
}
